# This file is automatically @generated by Poetry 1.7.0 and should not be changed by hand.

[[package]]
name = "slack-sdk"
version = "3.26.0"
description = "The Slack API Platform SDK for Python"
optional = false
python-versions = ">=3.6.0"
files = [
    {file = "slack_sdk-3.26.0-py2.py3-none-any.whl", hash = "sha256:b84c2d93163166eb682e290c19334683c2d0f0cb4a5479c809706b44038fdda1"},
    {file = "slack_sdk-3.26.0.tar.gz", hash = "sha256:147946f388ce73b17c377b823759fcb39c0eca7444ca0a942dc12a3940a4f44f"},
]

[package.extras]
optional = ["SQLAlchemy (>=1.4,<3)", "aiodns (>1.0)", "aiohttp (>=3.7.3,<4)", "boto3 (<=2)", "websocket-client (>=1,<2)", "websockets (>=10,<11)"]
testing = ["Flask (>=1,<2)", "Flask-Sockets (>=0.2,<1)", "Jinja2 (==3.0.3)", "Werkzeug (<2)", "black (==22.8.0)", "boto3 (<=2)", "click (==8.0.4)", "flake8 (>=5,<6)", "itsdangerous (==1.1.0)", "moto (>=3,<4)", "psutil (>=5,<6)", "pytest (>=6.2.5,<7)", "pytest-asyncio (<1)", "pytest-cov (>=2,<3)"]

[metadata]
lock-version = "2.0"
python-versions = "^3.11"
content-hash = "a39e54fd4932865964379cf606517d6021b25e17f5167c3e25a49781e01bb42a"
